
Microsoft Visual Studio Solution File, Format Version 12.00
# Visual Studio Version 17
VisualStudioVersion = 17.5.33530.505
MinimumVisualStudioVersion = 10.0.40219.1
Project("{9A19103F-16F7-4668-BE54-9A1E7A4F7556}") = "second", "second\second.csproj", "{A07BD95E-CAF3-4FD9-8354-1651DAF9A111}"
EndProject
Project("{9A19103F-16F7-4668-BE54-9A1E7A4F7556}") = "parseWork", "parseWork\parseWork.csproj", "{0E2A5E6F-29E0-4DEC-94B9-3B36A1A3AE83}"
EndProject
Project("{9A19103F-16F7-4668-BE54-9A1E7A4F7556}") = "parOuImpar", "parOuImpar\parOuImpar.csproj", "{904E97E7-F90E-4292-924E-E152E54FD814}"
EndProject
Project("{FAE04EC0-301F-11D3-BF4B-00C04F79EFBC}") = "exe01Curso", "exe01Curso\exe01Curso.csproj", "{F1E95493-954A-4B4D-B827-5C7C3468805C}"
EndProject
Global
	GlobalSection(SolutionConfigurationPlatforms) = preSolution
		Debug|Any CPU = Debug|Any CPU
		Release|Any CPU = Release|Any CPU
	EndGlobalSection
	GlobalSection(ProjectConfigurationPlatforms) = postSolution
		{A07BD95E-CAF3-4FD9-8354-1651DAF9A111}.Debug|Any CPU.ActiveCfg = Debug|Any CPU
		{A07BD95E-CAF3-4FD9-8354-1651DAF9A111}.Debug|Any CPU.Build.0 = Debug|Any CPU
		{A07BD95E-CAF3-4FD9-8354-1651DAF9A111}.Release|Any CPU.ActiveCfg = Release|Any CPU
		{A07BD95E-CAF3-4FD9-8354-1651DAF9A111}.Release|Any CPU.Build.0 = Release|Any CPU
		{0E2A5E6F-29E0-4DEC-94B9-3B36A1A3AE83}.Debug|Any CPU.ActiveCfg = Debug|Any CPU
		{0E2A5E6F-29E0-4DEC-94B9-3B36A1A3AE83}.Debug|Any CPU.Build.0 = Debug|Any CPU
		{0E2A5E6F-29E0-4DEC-94B9-3B36A1A3AE83}.Release|Any CPU.ActiveCfg = Release|Any CPU
		{0E2A5E6F-29E0-4DEC-94B9-3B36A1A3AE83}.Release|Any CPU.Build.0 = Release|Any CPU
		{904E97E7-F90E-4292-924E-E152E54FD814}.Debug|Any CPU.ActiveCfg = Debug|Any CPU
		{904E97E7-F90E-4292-924E-E152E54FD814}.Debug|Any CPU.Build.0 = Debug|Any CPU
		{904E97E7-F90E-4292-924E-E152E54FD814}.Release|Any CPU.ActiveCfg = Release|Any CPU
		{904E97E7-F90E-4292-924E-E152E54FD814}.Release|Any CPU.Build.0 = Release|Any CPU
		{F1E95493-954A-4B4D-B827-5C7C3468805C}.Debug|Any CPU.ActiveCfg = Debug|Any CPU
		{F1E95493-954A-4B4D-B827-5C7C3468805C}.Debug|Any CPU.Build.0 = Debug|Any CPU
		{F1E95493-954A-4B4D-B827-5C7C3468805C}.Release|Any CPU.ActiveCfg = Release|Any CPU
		{F1E95493-954A-4B4D-B827-5C7C3468805C}.Release|Any CPU.Build.0 = Release|Any CPU
	EndGlobalSection
	GlobalSection(SolutionProperties) = preSolution
		HideSolutionNode = FALSE
	EndGlobalSection
	GlobalSection(ExtensibilityGlobals) = postSolution
		SolutionGuid = {EEC254FC-FA01-4326-A6EA-BD80009CEEF9}
	EndGlobalSection
EndGlobal
