
Microsoft Visual Studio Solution File, Format Version 12.00
# Visual Studio Version 17
VisualStudioVersion = 17.5.33530.505
MinimumVisualStudioVersion = 10.0.40219.1
Project("{9A19103F-16F7-4668-BE54-9A1E7A4F7556}") = "second", "second\second.csproj", "{A07BD95E-CAF3-4FD9-8354-1651DAF9A111}"
EndProject
Project("{9A19103F-16F7-4668-BE54-9A1E7A4F7556}") = "parseWork", "parseWork\parseWork.csproj", "{0E2A5E6F-29E0-4DEC-94B9-3B36A1A3AE83}"
EndProject
Project("{9A19103F-16F7-4668-BE54-9A1E7A4F7556}") = "parOuImpar", "parOuImpar\parOuImpar.csproj", "{904E97E7-F90E-4292-924E-E152E54FD814}"
EndProject
Project("{9A19103F-16F7-4668-BE54-9A1E7A4F7556}") = "exe01Curso", "exe01Curso\exe01Curso.csproj", "{F1E95493-954A-4B4D-B827-5C7C3468805C}"
EndProject
Project("{9A19103F-16F7-4668-BE54-9A1E7A4F7556}") = "exeFix02", "exeFix02\exeFix02.csproj", "{B0F6E731-7821-4D40-8723-5749CFC16920}"
EndProject
Project("{9A19103F-16F7-4668-BE54-9A1E7A4F7556}") = "testefunction", "testefunction\testefunction.csproj", "{B380A132-D34C-4D01-87CB-92C375CC7CAB}"
EndProject
Project("{9A19103F-16F7-4668-BE54-9A1E7A4F7556}") = "loops", "loops\loops.csproj", "{2797CB0E-5EAE-4E95-B807-CE4269E57CA8}"
EndProject
Project("{9A19103F-16F7-4668-BE54-9A1E7A4F7556}") = "while02", "while02\while02.csproj", "{AA8DEE9F-7B0E-4B2E-8208-FFCEE6997695}"
EndProject
Project("{9A19103F-16F7-4668-BE54-9A1E7A4F7556}") = "while03", "while03\while03.csproj", "{A19BD262-93CA-4618-88C9-CF29A81D82B1}"
EndProject
Project("{9A19103F-16F7-4668-BE54-9A1E7A4F7556}") = "exeNums", "exeNums\exeNums.csproj", "{A16194BD-E347-487B-AE4D-F644587450B5}"
EndProject
Project("{FAE04EC0-301F-11D3-BF4B-00C04F79EFBC}") = "Estoque", "Estoque\Estoque.csproj", "{930C2E64-F09B-4180-9DFD-92A8B16FA6A1}"
EndProject
Global
	GlobalSection(SolutionConfigurationPlatforms) = preSolution
		Debug|Any CPU = Debug|Any CPU
		Release|Any CPU = Release|Any CPU
	EndGlobalSection
	GlobalSection(ProjectConfigurationPlatforms) = postSolution
		{A07BD95E-CAF3-4FD9-8354-1651DAF9A111}.Debug|Any CPU.ActiveCfg = Debug|Any CPU
		{A07BD95E-CAF3-4FD9-8354-1651DAF9A111}.Debug|Any CPU.Build.0 = Debug|Any CPU
		{A07BD95E-CAF3-4FD9-8354-1651DAF9A111}.Release|Any CPU.ActiveCfg = Release|Any CPU
		{A07BD95E-CAF3-4FD9-8354-1651DAF9A111}.Release|Any CPU.Build.0 = Release|Any CPU
		{0E2A5E6F-29E0-4DEC-94B9-3B36A1A3AE83}.Debug|Any CPU.ActiveCfg = Debug|Any CPU
		{0E2A5E6F-29E0-4DEC-94B9-3B36A1A3AE83}.Debug|Any CPU.Build.0 = Debug|Any CPU
		{0E2A5E6F-29E0-4DEC-94B9-3B36A1A3AE83}.Release|Any CPU.ActiveCfg = Release|Any CPU
		{0E2A5E6F-29E0-4DEC-94B9-3B36A1A3AE83}.Release|Any CPU.Build.0 = Release|Any CPU
		{904E97E7-F90E-4292-924E-E152E54FD814}.Debug|Any CPU.ActiveCfg = Debug|Any CPU
		{904E97E7-F90E-4292-924E-E152E54FD814}.Debug|Any CPU.Build.0 = Debug|Any CPU
		{904E97E7-F90E-4292-924E-E152E54FD814}.Release|Any CPU.ActiveCfg = Release|Any CPU
		{904E97E7-F90E-4292-924E-E152E54FD814}.Release|Any CPU.Build.0 = Release|Any CPU
		{F1E95493-954A-4B4D-B827-5C7C3468805C}.Debug|Any CPU.ActiveCfg = Debug|Any CPU
		{F1E95493-954A-4B4D-B827-5C7C3468805C}.Debug|Any CPU.Build.0 = Debug|Any CPU
		{F1E95493-954A-4B4D-B827-5C7C3468805C}.Release|Any CPU.ActiveCfg = Release|Any CPU
		{F1E95493-954A-4B4D-B827-5C7C3468805C}.Release|Any CPU.Build.0 = Release|Any CPU
		{B0F6E731-7821-4D40-8723-5749CFC16920}.Debug|Any CPU.ActiveCfg = Debug|Any CPU
		{B0F6E731-7821-4D40-8723-5749CFC16920}.Debug|Any CPU.Build.0 = Debug|Any CPU
		{B0F6E731-7821-4D40-8723-5749CFC16920}.Release|Any CPU.ActiveCfg = Release|Any CPU
		{B0F6E731-7821-4D40-8723-5749CFC16920}.Release|Any CPU.Build.0 = Release|Any CPU
		{B380A132-D34C-4D01-87CB-92C375CC7CAB}.Debug|Any CPU.ActiveCfg = Debug|Any CPU
		{B380A132-D34C-4D01-87CB-92C375CC7CAB}.Debug|Any CPU.Build.0 = Debug|Any CPU
		{B380A132-D34C-4D01-87CB-92C375CC7CAB}.Release|Any CPU.ActiveCfg = Release|Any CPU
		{B380A132-D34C-4D01-87CB-92C375CC7CAB}.Release|Any CPU.Build.0 = Release|Any CPU
		{2797CB0E-5EAE-4E95-B807-CE4269E57CA8}.Debug|Any CPU.ActiveCfg = Debug|Any CPU
		{2797CB0E-5EAE-4E95-B807-CE4269E57CA8}.Debug|Any CPU.Build.0 = Debug|Any CPU
		{2797CB0E-5EAE-4E95-B807-CE4269E57CA8}.Release|Any CPU.ActiveCfg = Release|Any CPU
		{2797CB0E-5EAE-4E95-B807-CE4269E57CA8}.Release|Any CPU.Build.0 = Release|Any CPU
		{AA8DEE9F-7B0E-4B2E-8208-FFCEE6997695}.Debug|Any CPU.ActiveCfg = Debug|Any CPU
		{AA8DEE9F-7B0E-4B2E-8208-FFCEE6997695}.Debug|Any CPU.Build.0 = Debug|Any CPU
		{AA8DEE9F-7B0E-4B2E-8208-FFCEE6997695}.Release|Any CPU.ActiveCfg = Release|Any CPU
		{AA8DEE9F-7B0E-4B2E-8208-FFCEE6997695}.Release|Any CPU.Build.0 = Release|Any CPU
		{A19BD262-93CA-4618-88C9-CF29A81D82B1}.Debug|Any CPU.ActiveCfg = Debug|Any CPU
		{A19BD262-93CA-4618-88C9-CF29A81D82B1}.Debug|Any CPU.Build.0 = Debug|Any CPU
		{A19BD262-93CA-4618-88C9-CF29A81D82B1}.Release|Any CPU.ActiveCfg = Release|Any CPU
		{A19BD262-93CA-4618-88C9-CF29A81D82B1}.Release|Any CPU.Build.0 = Release|Any CPU
		{A16194BD-E347-487B-AE4D-F644587450B5}.Debug|Any CPU.ActiveCfg = Debug|Any CPU
		{A16194BD-E347-487B-AE4D-F644587450B5}.Debug|Any CPU.Build.0 = Debug|Any CPU
		{A16194BD-E347-487B-AE4D-F644587450B5}.Release|Any CPU.ActiveCfg = Release|Any CPU
		{A16194BD-E347-487B-AE4D-F644587450B5}.Release|Any CPU.Build.0 = Release|Any CPU
		{930C2E64-F09B-4180-9DFD-92A8B16FA6A1}.Debug|Any CPU.ActiveCfg = Debug|Any CPU
		{930C2E64-F09B-4180-9DFD-92A8B16FA6A1}.Debug|Any CPU.Build.0 = Debug|Any CPU
		{930C2E64-F09B-4180-9DFD-92A8B16FA6A1}.Release|Any CPU.ActiveCfg = Release|Any CPU
		{930C2E64-F09B-4180-9DFD-92A8B16FA6A1}.Release|Any CPU.Build.0 = Release|Any CPU
	EndGlobalSection
	GlobalSection(SolutionProperties) = preSolution
		HideSolutionNode = FALSE
	EndGlobalSection
	GlobalSection(ExtensibilityGlobals) = postSolution
		SolutionGuid = {EEC254FC-FA01-4326-A6EA-BD80009CEEF9}
	EndGlobalSection
EndGlobal
