
Microsoft Visual Studio Solution File, Format Version 12.00
# Visual Studio Version 17
VisualStudioVersion = 17.5.33530.505
MinimumVisualStudioVersion = 10.0.40219.1
Project("{9A19103F-16F7-4668-BE54-9A1E7A4F7556}") = "Revisao", "Revisao\Revisao.csproj", "{835F4884-6322-49B6-9704-4DEB124E8F70}"
EndProject
Project("{FAE04EC0-301F-11D3-BF4B-00C04F79EFBC}") = "precoTerreno", "precoTerreno\precoTerreno.csproj", "{BEEA73AA-2EC1-4174-8DBF-6186FD26D9FA}"
EndProject
Global
	GlobalSection(SolutionConfigurationPlatforms) = preSolution
		Debug|Any CPU = Debug|Any CPU
		Release|Any CPU = Release|Any CPU
	EndGlobalSection
	GlobalSection(ProjectConfigurationPlatforms) = postSolution
		{835F4884-6322-49B6-9704-4DEB124E8F70}.Debug|Any CPU.ActiveCfg = Debug|Any CPU
		{835F4884-6322-49B6-9704-4DEB124E8F70}.Debug|Any CPU.Build.0 = Debug|Any CPU
		{835F4884-6322-49B6-9704-4DEB124E8F70}.Release|Any CPU.ActiveCfg = Release|Any CPU
		{835F4884-6322-49B6-9704-4DEB124E8F70}.Release|Any CPU.Build.0 = Release|Any CPU
		{BEEA73AA-2EC1-4174-8DBF-6186FD26D9FA}.Debug|Any CPU.ActiveCfg = Debug|Any CPU
		{BEEA73AA-2EC1-4174-8DBF-6186FD26D9FA}.Debug|Any CPU.Build.0 = Debug|Any CPU
		{BEEA73AA-2EC1-4174-8DBF-6186FD26D9FA}.Release|Any CPU.ActiveCfg = Release|Any CPU
		{BEEA73AA-2EC1-4174-8DBF-6186FD26D9FA}.Release|Any CPU.Build.0 = Release|Any CPU
	EndGlobalSection
	GlobalSection(SolutionProperties) = preSolution
		HideSolutionNode = FALSE
	EndGlobalSection
	GlobalSection(ExtensibilityGlobals) = postSolution
		SolutionGuid = {ECC4BB6C-C6C4-43F4-B1E7-7813FA99CC70}
	EndGlobalSection
EndGlobal
