
Microsoft Visual Studio Solution File, Format Version 12.00
# Visual Studio Version 17
VisualStudioVersion = 17.5.33530.505
MinimumVisualStudioVersion = 10.0.40219.1
Project("{9A19103F-16F7-4668-BE54-9A1E7A4F7556}") = "Revisao", "Revisao\Revisao.csproj", "{835F4884-6322-49B6-9704-4DEB124E8F70}"
EndProject
Project("{9A19103F-16F7-4668-BE54-9A1E7A4F7556}") = "precoTerreno", "precoTerreno\precoTerreno.csproj", "{BEEA73AA-2EC1-4174-8DBF-6186FD26D9FA}"
EndProject
Project("{9A19103F-16F7-4668-BE54-9A1E7A4F7556}") = "atividade02", "atividade02\atividade02.csproj", "{D57F9DA8-DFF6-490F-8C70-1F71C4F2620F}"
EndProject
Project("{9A19103F-16F7-4668-BE54-9A1E7A4F7556}") = "mediaIdade", "mediaIdade\mediaIdade.csproj", "{22FA8F89-6868-4BA7-B995-ABC49FD61231}"
EndProject
Project("{FAE04EC0-301F-11D3-BF4B-00C04F79EFBC}") = "ConsoleApp1", "ConsoleApp1\ConsoleApp1.csproj", "{3FC1592C-DB71-4007-AE62-573618771E5A}"
EndProject
Project("{FAE04EC0-301F-11D3-BF4B-00C04F79EFBC}") = "verificaMenor", "verificaMenor\verificaMenor.csproj", "{FE5B9D34-2855-49F2-B5B9-20FBDDA544EB}"
EndProject
Global
	GlobalSection(SolutionConfigurationPlatforms) = preSolution
		Debug|Any CPU = Debug|Any CPU
		Release|Any CPU = Release|Any CPU
	EndGlobalSection
	GlobalSection(ProjectConfigurationPlatforms) = postSolution
		{835F4884-6322-49B6-9704-4DEB124E8F70}.Debug|Any CPU.ActiveCfg = Debug|Any CPU
		{835F4884-6322-49B6-9704-4DEB124E8F70}.Debug|Any CPU.Build.0 = Debug|Any CPU
		{835F4884-6322-49B6-9704-4DEB124E8F70}.Release|Any CPU.ActiveCfg = Release|Any CPU
		{835F4884-6322-49B6-9704-4DEB124E8F70}.Release|Any CPU.Build.0 = Release|Any CPU
		{BEEA73AA-2EC1-4174-8DBF-6186FD26D9FA}.Debug|Any CPU.ActiveCfg = Debug|Any CPU
		{BEEA73AA-2EC1-4174-8DBF-6186FD26D9FA}.Debug|Any CPU.Build.0 = Debug|Any CPU
		{BEEA73AA-2EC1-4174-8DBF-6186FD26D9FA}.Release|Any CPU.ActiveCfg = Release|Any CPU
		{BEEA73AA-2EC1-4174-8DBF-6186FD26D9FA}.Release|Any CPU.Build.0 = Release|Any CPU
		{D57F9DA8-DFF6-490F-8C70-1F71C4F2620F}.Debug|Any CPU.ActiveCfg = Debug|Any CPU
		{D57F9DA8-DFF6-490F-8C70-1F71C4F2620F}.Debug|Any CPU.Build.0 = Debug|Any CPU
		{D57F9DA8-DFF6-490F-8C70-1F71C4F2620F}.Release|Any CPU.ActiveCfg = Release|Any CPU
		{D57F9DA8-DFF6-490F-8C70-1F71C4F2620F}.Release|Any CPU.Build.0 = Release|Any CPU
		{22FA8F89-6868-4BA7-B995-ABC49FD61231}.Debug|Any CPU.ActiveCfg = Debug|Any CPU
		{22FA8F89-6868-4BA7-B995-ABC49FD61231}.Debug|Any CPU.Build.0 = Debug|Any CPU
		{22FA8F89-6868-4BA7-B995-ABC49FD61231}.Release|Any CPU.ActiveCfg = Release|Any CPU
		{22FA8F89-6868-4BA7-B995-ABC49FD61231}.Release|Any CPU.Build.0 = Release|Any CPU
		{3FC1592C-DB71-4007-AE62-573618771E5A}.Debug|Any CPU.ActiveCfg = Debug|Any CPU
		{3FC1592C-DB71-4007-AE62-573618771E5A}.Debug|Any CPU.Build.0 = Debug|Any CPU
		{3FC1592C-DB71-4007-AE62-573618771E5A}.Release|Any CPU.ActiveCfg = Release|Any CPU
		{3FC1592C-DB71-4007-AE62-573618771E5A}.Release|Any CPU.Build.0 = Release|Any CPU
		{FE5B9D34-2855-49F2-B5B9-20FBDDA544EB}.Debug|Any CPU.ActiveCfg = Debug|Any CPU
		{FE5B9D34-2855-49F2-B5B9-20FBDDA544EB}.Debug|Any CPU.Build.0 = Debug|Any CPU
		{FE5B9D34-2855-49F2-B5B9-20FBDDA544EB}.Release|Any CPU.ActiveCfg = Release|Any CPU
		{FE5B9D34-2855-49F2-B5B9-20FBDDA544EB}.Release|Any CPU.Build.0 = Release|Any CPU
	EndGlobalSection
	GlobalSection(SolutionProperties) = preSolution
		HideSolutionNode = FALSE
	EndGlobalSection
	GlobalSection(ExtensibilityGlobals) = postSolution
		SolutionGuid = {ECC4BB6C-C6C4-43F4-B1E7-7813FA99CC70}
	EndGlobalSection
EndGlobal
