
Microsoft Visual Studio Solution File, Format Version 12.00
# Visual Studio Version 17
VisualStudioVersion = 17.5.33530.505
MinimumVisualStudioVersion = 10.0.40219.1
Project("{9A19103F-16F7-4668-BE54-9A1E7A4F7556}") = "Revisao", "Revisao\Revisao.csproj", "{835F4884-6322-49B6-9704-4DEB124E8F70}"
EndProject
Project("{9A19103F-16F7-4668-BE54-9A1E7A4F7556}") = "precoTerreno", "precoTerreno\precoTerreno.csproj", "{BEEA73AA-2EC1-4174-8DBF-6186FD26D9FA}"
EndProject
Project("{9A19103F-16F7-4668-BE54-9A1E7A4F7556}") = "atividade02", "atividade02\atividade02.csproj", "{D57F9DA8-DFF6-490F-8C70-1F71C4F2620F}"
EndProject
Project("{9A19103F-16F7-4668-BE54-9A1E7A4F7556}") = "mediaIdade", "mediaIdade\mediaIdade.csproj", "{22FA8F89-6868-4BA7-B995-ABC49FD61231}"
EndProject
Project("{9A19103F-16F7-4668-BE54-9A1E7A4F7556}") = "ConsoleApp1", "ConsoleApp1\ConsoleApp1.csproj", "{3FC1592C-DB71-4007-AE62-573618771E5A}"
EndProject
Project("{9A19103F-16F7-4668-BE54-9A1E7A4F7556}") = "verificaMenor", "verificaMenor\verificaMenor.csproj", "{FE5B9D34-2855-49F2-B5B9-20FBDDA544EB}"
EndProject
Project("{9A19103F-16F7-4668-BE54-9A1E7A4F7556}") = "diaCSwitch", "diaCSwitch\diaCSwitch.csproj", "{E69FBEBD-C0F2-4529-B595-AA43F1F74438}"
EndProject
Project("{9A19103F-16F7-4668-BE54-9A1E7A4F7556}") = "uri1113", "uri1113\uri1113.csproj", "{9019CA3F-ED3B-4E69-AE5B-9523585D38A4}"
EndProject
Project("{9A19103F-16F7-4668-BE54-9A1E7A4F7556}") = "exer02While", "exer02While\exer02While.csproj", "{CE4012E6-3BC0-49B9-8E2D-B22F8040B765}"
EndProject
Project("{9A19103F-16F7-4668-BE54-9A1E7A4F7556}") = "Uri1114", "Uri1114\Uri1114.csproj", "{628C305E-6B06-4D09-B264-F965428D89DE}"
EndProject
Project("{9A19103F-16F7-4668-BE54-9A1E7A4F7556}") = "Uri1115", "Uri1115\Uri1115.csproj", "{BDD08199-5ED2-41D7-B80C-F64DD4CE4E06}"
EndProject
Project("{9A19103F-16F7-4668-BE54-9A1E7A4F7556}") = "Uri1116", "Uri1116\Uri1116.csproj", "{2F2E7E8D-48B8-45F9-ABF4-8C88D54CC0AC}"
EndProject
Project("{9A19103F-16F7-4668-BE54-9A1E7A4F7556}") = "Uri 1117", "Uri 1117\Uri 1117.csproj", "{C102E895-BF9B-4A3E-BBEA-CA99D9B7F926}"
EndProject
Project("{9A19103F-16F7-4668-BE54-9A1E7A4F7556}") = "URI 1134", "URI 1134\URI 1134.csproj", "{F0FA11CB-7432-41E5-92B5-180D8810C535}"
EndProject
Project("{9A19103F-16F7-4668-BE54-9A1E7A4F7556}") = "Uri1118", "Uri1118\Uri1118.csproj", "{AFA17D85-12A8-4DFE-A53E-E47C8A9A6F96}"
EndProject
Project("{9A19103F-16F7-4668-BE54-9A1E7A4F7556}") = "Uri1131", "Uri1131\Uri1131.csproj", "{D29B0EB2-7DA3-4C3F-BF94-6CBBAE7AC994}"
EndProject
Project("{9A19103F-16F7-4668-BE54-9A1E7A4F7556}") = "Uri1078", "Uri1078\Uri1078.csproj", "{09D22BE1-C85A-407E-9E7C-F4E3DD7B40DC}"
EndProject
Project("{9A19103F-16F7-4668-BE54-9A1E7A4F7556}") = "URI1171", "URI1171\URI1171.csproj", "{71366284-0877-4579-A639-CA0CDEC9DFBF}"
EndProject
Project("{9A19103F-16F7-4668-BE54-9A1E7A4F7556}") = "Uri1067", "Uri1067\Uri1067.csproj", "{F117EF4E-D79A-4EC0-8CE3-3026C8D25C1E}"
EndProject
Project("{9A19103F-16F7-4668-BE54-9A1E7A4F7556}") = "Uri1072", "Uri1072\Uri1072.csproj", "{2D8ACCA5-AE77-444B-90F4-724CFAC83718}"
EndProject
Project("{9A19103F-16F7-4668-BE54-9A1E7A4F7556}") = "Uri1073", "Uri1073\Uri1073.csproj", "{04CE1840-7859-449B-8EBC-0C8FCDD07023}"
EndProject
Project("{9A19103F-16F7-4668-BE54-9A1E7A4F7556}") = "Uri1074", "Uri1074\Uri1074.csproj", "{40B2D8A1-4EE5-4F29-9B61-0850A5810CA4}"
EndProject
Project("{9A19103F-16F7-4668-BE54-9A1E7A4F7556}") = "vetor", "vetor\vetor.csproj", "{8361E9CD-5391-4913-94CB-3934A3EED060}"
EndProject
Project("{9A19103F-16F7-4668-BE54-9A1E7A4F7556}") = "vetorEx03", "vetorEx03\vetorEx03.csproj", "{5C9D780A-7EA2-4F14-A944-A40E5A6F972F}"
EndProject
Project("{9A19103F-16F7-4668-BE54-9A1E7A4F7556}") = "treinoForeach", "treinoForeach\treinoForeach.csproj", "{7935A8C7-8C1E-40CE-BCCE-D591E836292D}"
EndProject
Project("{9A19103F-16F7-4668-BE54-9A1E7A4F7556}") = "matriz01Exemplo", "matriz01Exemplo\matriz01Exemplo.csproj", "{14C3B824-C52E-4A80-8348-08230AE98577}"
EndProject
Project("{9A19103F-16F7-4668-BE54-9A1E7A4F7556}") = "matriz02pratica", "matriz02pratica\matriz02pratica.csproj", "{C3089BB4-1EA0-427E-B0EA-FC5773D67F53}"
EndProject
Project("{9A19103F-16F7-4668-BE54-9A1E7A4F7556}") = "matrizQuadrada", "matrizQuadrada\matrizQuadrada.csproj", "{D6F75765-F097-4103-8219-15B500A8E394}"
EndProject
Project("{9A19103F-16F7-4668-BE54-9A1E7A4F7556}") = "exeMatriz02", "exeMatriz02\exeMatriz02.csproj", "{FA97CC68-D4AA-4523-8B66-2DA1DEB30AE6}"
EndProject
Project("{9A19103F-16F7-4668-BE54-9A1E7A4F7556}") = "1poo", "1poo\1poo.csproj", "{1A14B871-BC43-4BB8-93C3-3658BE2371E8}"
EndProject
Project("{9A19103F-16F7-4668-BE54-9A1E7A4F7556}") = "02poo", "02poo\02poo.csproj", "{C60475ED-F4F4-4066-863F-51E477D8136B}"
EndProject
Project("{9A19103F-16F7-4668-BE54-9A1E7A4F7556}") = "03poo", "03poo\03poo.csproj", "{DF83D49A-D19A-4ABC-A421-65F10508F820}"
EndProject
Project("{9A19103F-16F7-4668-BE54-9A1E7A4F7556}") = "04poo", "04poo\04poo.csproj", "{4666AD87-25F0-470E-BA05-02A9B003B230}"
EndProject
Project("{9A19103F-16F7-4668-BE54-9A1E7A4F7556}") = "05poo", "05poo\05poo.csproj", "{A899A716-E352-4BE1-83E5-9D2A2054463A}"
EndProject
Project("{9A19103F-16F7-4668-BE54-9A1E7A4F7556}") = "06poo", "06poo\06poo.csproj", "{D4E81B01-47AD-49CC-A0B6-50235F47205C}"
EndProject
Project("{9A19103F-16F7-4668-BE54-9A1E7A4F7556}") = "Estoque", "Estoque\Estoque.csproj", "{F592BA92-605F-4855-8609-212CCC49E3F4}"
EndProject
Project("{FAE04EC0-301F-11D3-BF4B-00C04F79EFBC}") = "membrosStaticos", "membrosStaticos\membrosStaticos.csproj", "{CBA6D334-BE34-4E09-9B8B-83AFBB4AAB19}"
EndProject
Global
	GlobalSection(SolutionConfigurationPlatforms) = preSolution
		Debug|Any CPU = Debug|Any CPU
		Release|Any CPU = Release|Any CPU
	EndGlobalSection
	GlobalSection(ProjectConfigurationPlatforms) = postSolution
		{835F4884-6322-49B6-9704-4DEB124E8F70}.Debug|Any CPU.ActiveCfg = Debug|Any CPU
		{835F4884-6322-49B6-9704-4DEB124E8F70}.Debug|Any CPU.Build.0 = Debug|Any CPU
		{835F4884-6322-49B6-9704-4DEB124E8F70}.Release|Any CPU.ActiveCfg = Release|Any CPU
		{835F4884-6322-49B6-9704-4DEB124E8F70}.Release|Any CPU.Build.0 = Release|Any CPU
		{BEEA73AA-2EC1-4174-8DBF-6186FD26D9FA}.Debug|Any CPU.ActiveCfg = Debug|Any CPU
		{BEEA73AA-2EC1-4174-8DBF-6186FD26D9FA}.Debug|Any CPU.Build.0 = Debug|Any CPU
		{BEEA73AA-2EC1-4174-8DBF-6186FD26D9FA}.Release|Any CPU.ActiveCfg = Release|Any CPU
		{BEEA73AA-2EC1-4174-8DBF-6186FD26D9FA}.Release|Any CPU.Build.0 = Release|Any CPU
		{D57F9DA8-DFF6-490F-8C70-1F71C4F2620F}.Debug|Any CPU.ActiveCfg = Debug|Any CPU
		{D57F9DA8-DFF6-490F-8C70-1F71C4F2620F}.Debug|Any CPU.Build.0 = Debug|Any CPU
		{D57F9DA8-DFF6-490F-8C70-1F71C4F2620F}.Release|Any CPU.ActiveCfg = Release|Any CPU
		{D57F9DA8-DFF6-490F-8C70-1F71C4F2620F}.Release|Any CPU.Build.0 = Release|Any CPU
		{22FA8F89-6868-4BA7-B995-ABC49FD61231}.Debug|Any CPU.ActiveCfg = Debug|Any CPU
		{22FA8F89-6868-4BA7-B995-ABC49FD61231}.Debug|Any CPU.Build.0 = Debug|Any CPU
		{22FA8F89-6868-4BA7-B995-ABC49FD61231}.Release|Any CPU.ActiveCfg = Release|Any CPU
		{22FA8F89-6868-4BA7-B995-ABC49FD61231}.Release|Any CPU.Build.0 = Release|Any CPU
		{3FC1592C-DB71-4007-AE62-573618771E5A}.Debug|Any CPU.ActiveCfg = Debug|Any CPU
		{3FC1592C-DB71-4007-AE62-573618771E5A}.Debug|Any CPU.Build.0 = Debug|Any CPU
		{3FC1592C-DB71-4007-AE62-573618771E5A}.Release|Any CPU.ActiveCfg = Release|Any CPU
		{3FC1592C-DB71-4007-AE62-573618771E5A}.Release|Any CPU.Build.0 = Release|Any CPU
		{FE5B9D34-2855-49F2-B5B9-20FBDDA544EB}.Debug|Any CPU.ActiveCfg = Debug|Any CPU
		{FE5B9D34-2855-49F2-B5B9-20FBDDA544EB}.Debug|Any CPU.Build.0 = Debug|Any CPU
		{FE5B9D34-2855-49F2-B5B9-20FBDDA544EB}.Release|Any CPU.ActiveCfg = Release|Any CPU
		{FE5B9D34-2855-49F2-B5B9-20FBDDA544EB}.Release|Any CPU.Build.0 = Release|Any CPU
		{E69FBEBD-C0F2-4529-B595-AA43F1F74438}.Debug|Any CPU.ActiveCfg = Debug|Any CPU
		{E69FBEBD-C0F2-4529-B595-AA43F1F74438}.Debug|Any CPU.Build.0 = Debug|Any CPU
		{E69FBEBD-C0F2-4529-B595-AA43F1F74438}.Release|Any CPU.ActiveCfg = Release|Any CPU
		{E69FBEBD-C0F2-4529-B595-AA43F1F74438}.Release|Any CPU.Build.0 = Release|Any CPU
		{9019CA3F-ED3B-4E69-AE5B-9523585D38A4}.Debug|Any CPU.ActiveCfg = Debug|Any CPU
		{9019CA3F-ED3B-4E69-AE5B-9523585D38A4}.Debug|Any CPU.Build.0 = Debug|Any CPU
		{9019CA3F-ED3B-4E69-AE5B-9523585D38A4}.Release|Any CPU.ActiveCfg = Release|Any CPU
		{9019CA3F-ED3B-4E69-AE5B-9523585D38A4}.Release|Any CPU.Build.0 = Release|Any CPU
		{CE4012E6-3BC0-49B9-8E2D-B22F8040B765}.Debug|Any CPU.ActiveCfg = Debug|Any CPU
		{CE4012E6-3BC0-49B9-8E2D-B22F8040B765}.Debug|Any CPU.Build.0 = Debug|Any CPU
		{CE4012E6-3BC0-49B9-8E2D-B22F8040B765}.Release|Any CPU.ActiveCfg = Release|Any CPU
		{CE4012E6-3BC0-49B9-8E2D-B22F8040B765}.Release|Any CPU.Build.0 = Release|Any CPU
		{628C305E-6B06-4D09-B264-F965428D89DE}.Debug|Any CPU.ActiveCfg = Debug|Any CPU
		{628C305E-6B06-4D09-B264-F965428D89DE}.Debug|Any CPU.Build.0 = Debug|Any CPU
		{628C305E-6B06-4D09-B264-F965428D89DE}.Release|Any CPU.ActiveCfg = Release|Any CPU
		{628C305E-6B06-4D09-B264-F965428D89DE}.Release|Any CPU.Build.0 = Release|Any CPU
		{BDD08199-5ED2-41D7-B80C-F64DD4CE4E06}.Debug|Any CPU.ActiveCfg = Debug|Any CPU
		{BDD08199-5ED2-41D7-B80C-F64DD4CE4E06}.Debug|Any CPU.Build.0 = Debug|Any CPU
		{BDD08199-5ED2-41D7-B80C-F64DD4CE4E06}.Release|Any CPU.ActiveCfg = Release|Any CPU
		{BDD08199-5ED2-41D7-B80C-F64DD4CE4E06}.Release|Any CPU.Build.0 = Release|Any CPU
		{2F2E7E8D-48B8-45F9-ABF4-8C88D54CC0AC}.Debug|Any CPU.ActiveCfg = Debug|Any CPU
		{2F2E7E8D-48B8-45F9-ABF4-8C88D54CC0AC}.Debug|Any CPU.Build.0 = Debug|Any CPU
		{2F2E7E8D-48B8-45F9-ABF4-8C88D54CC0AC}.Release|Any CPU.ActiveCfg = Release|Any CPU
		{2F2E7E8D-48B8-45F9-ABF4-8C88D54CC0AC}.Release|Any CPU.Build.0 = Release|Any CPU
		{C102E895-BF9B-4A3E-BBEA-CA99D9B7F926}.Debug|Any CPU.ActiveCfg = Debug|Any CPU
		{C102E895-BF9B-4A3E-BBEA-CA99D9B7F926}.Debug|Any CPU.Build.0 = Debug|Any CPU
		{C102E895-BF9B-4A3E-BBEA-CA99D9B7F926}.Release|Any CPU.ActiveCfg = Release|Any CPU
		{C102E895-BF9B-4A3E-BBEA-CA99D9B7F926}.Release|Any CPU.Build.0 = Release|Any CPU
		{F0FA11CB-7432-41E5-92B5-180D8810C535}.Debug|Any CPU.ActiveCfg = Debug|Any CPU
		{F0FA11CB-7432-41E5-92B5-180D8810C535}.Debug|Any CPU.Build.0 = Debug|Any CPU
		{F0FA11CB-7432-41E5-92B5-180D8810C535}.Release|Any CPU.ActiveCfg = Release|Any CPU
		{F0FA11CB-7432-41E5-92B5-180D8810C535}.Release|Any CPU.Build.0 = Release|Any CPU
		{AFA17D85-12A8-4DFE-A53E-E47C8A9A6F96}.Debug|Any CPU.ActiveCfg = Debug|Any CPU
		{AFA17D85-12A8-4DFE-A53E-E47C8A9A6F96}.Debug|Any CPU.Build.0 = Debug|Any CPU
		{AFA17D85-12A8-4DFE-A53E-E47C8A9A6F96}.Release|Any CPU.ActiveCfg = Release|Any CPU
		{AFA17D85-12A8-4DFE-A53E-E47C8A9A6F96}.Release|Any CPU.Build.0 = Release|Any CPU
		{D29B0EB2-7DA3-4C3F-BF94-6CBBAE7AC994}.Debug|Any CPU.ActiveCfg = Debug|Any CPU
		{D29B0EB2-7DA3-4C3F-BF94-6CBBAE7AC994}.Debug|Any CPU.Build.0 = Debug|Any CPU
		{D29B0EB2-7DA3-4C3F-BF94-6CBBAE7AC994}.Release|Any CPU.ActiveCfg = Release|Any CPU
		{D29B0EB2-7DA3-4C3F-BF94-6CBBAE7AC994}.Release|Any CPU.Build.0 = Release|Any CPU
		{09D22BE1-C85A-407E-9E7C-F4E3DD7B40DC}.Debug|Any CPU.ActiveCfg = Debug|Any CPU
		{09D22BE1-C85A-407E-9E7C-F4E3DD7B40DC}.Debug|Any CPU.Build.0 = Debug|Any CPU
		{09D22BE1-C85A-407E-9E7C-F4E3DD7B40DC}.Release|Any CPU.ActiveCfg = Release|Any CPU
		{09D22BE1-C85A-407E-9E7C-F4E3DD7B40DC}.Release|Any CPU.Build.0 = Release|Any CPU
		{71366284-0877-4579-A639-CA0CDEC9DFBF}.Debug|Any CPU.ActiveCfg = Debug|Any CPU
		{71366284-0877-4579-A639-CA0CDEC9DFBF}.Debug|Any CPU.Build.0 = Debug|Any CPU
		{71366284-0877-4579-A639-CA0CDEC9DFBF}.Release|Any CPU.ActiveCfg = Release|Any CPU
		{71366284-0877-4579-A639-CA0CDEC9DFBF}.Release|Any CPU.Build.0 = Release|Any CPU
		{F117EF4E-D79A-4EC0-8CE3-3026C8D25C1E}.Debug|Any CPU.ActiveCfg = Debug|Any CPU
		{F117EF4E-D79A-4EC0-8CE3-3026C8D25C1E}.Debug|Any CPU.Build.0 = Debug|Any CPU
		{F117EF4E-D79A-4EC0-8CE3-3026C8D25C1E}.Release|Any CPU.ActiveCfg = Release|Any CPU
		{F117EF4E-D79A-4EC0-8CE3-3026C8D25C1E}.Release|Any CPU.Build.0 = Release|Any CPU
		{2D8ACCA5-AE77-444B-90F4-724CFAC83718}.Debug|Any CPU.ActiveCfg = Debug|Any CPU
		{2D8ACCA5-AE77-444B-90F4-724CFAC83718}.Debug|Any CPU.Build.0 = Debug|Any CPU
		{2D8ACCA5-AE77-444B-90F4-724CFAC83718}.Release|Any CPU.ActiveCfg = Release|Any CPU
		{2D8ACCA5-AE77-444B-90F4-724CFAC83718}.Release|Any CPU.Build.0 = Release|Any CPU
		{04CE1840-7859-449B-8EBC-0C8FCDD07023}.Debug|Any CPU.ActiveCfg = Debug|Any CPU
		{04CE1840-7859-449B-8EBC-0C8FCDD07023}.Debug|Any CPU.Build.0 = Debug|Any CPU
		{04CE1840-7859-449B-8EBC-0C8FCDD07023}.Release|Any CPU.ActiveCfg = Release|Any CPU
		{04CE1840-7859-449B-8EBC-0C8FCDD07023}.Release|Any CPU.Build.0 = Release|Any CPU
		{40B2D8A1-4EE5-4F29-9B61-0850A5810CA4}.Debug|Any CPU.ActiveCfg = Debug|Any CPU
		{40B2D8A1-4EE5-4F29-9B61-0850A5810CA4}.Debug|Any CPU.Build.0 = Debug|Any CPU
		{40B2D8A1-4EE5-4F29-9B61-0850A5810CA4}.Release|Any CPU.ActiveCfg = Release|Any CPU
		{40B2D8A1-4EE5-4F29-9B61-0850A5810CA4}.Release|Any CPU.Build.0 = Release|Any CPU
		{8361E9CD-5391-4913-94CB-3934A3EED060}.Debug|Any CPU.ActiveCfg = Debug|Any CPU
		{8361E9CD-5391-4913-94CB-3934A3EED060}.Debug|Any CPU.Build.0 = Debug|Any CPU
		{8361E9CD-5391-4913-94CB-3934A3EED060}.Release|Any CPU.ActiveCfg = Release|Any CPU
		{8361E9CD-5391-4913-94CB-3934A3EED060}.Release|Any CPU.Build.0 = Release|Any CPU
		{5C9D780A-7EA2-4F14-A944-A40E5A6F972F}.Debug|Any CPU.ActiveCfg = Debug|Any CPU
		{5C9D780A-7EA2-4F14-A944-A40E5A6F972F}.Debug|Any CPU.Build.0 = Debug|Any CPU
		{5C9D780A-7EA2-4F14-A944-A40E5A6F972F}.Release|Any CPU.ActiveCfg = Release|Any CPU
		{5C9D780A-7EA2-4F14-A944-A40E5A6F972F}.Release|Any CPU.Build.0 = Release|Any CPU
		{7935A8C7-8C1E-40CE-BCCE-D591E836292D}.Debug|Any CPU.ActiveCfg = Debug|Any CPU
		{7935A8C7-8C1E-40CE-BCCE-D591E836292D}.Debug|Any CPU.Build.0 = Debug|Any CPU
		{7935A8C7-8C1E-40CE-BCCE-D591E836292D}.Release|Any CPU.ActiveCfg = Release|Any CPU
		{7935A8C7-8C1E-40CE-BCCE-D591E836292D}.Release|Any CPU.Build.0 = Release|Any CPU
		{14C3B824-C52E-4A80-8348-08230AE98577}.Debug|Any CPU.ActiveCfg = Debug|Any CPU
		{14C3B824-C52E-4A80-8348-08230AE98577}.Debug|Any CPU.Build.0 = Debug|Any CPU
		{14C3B824-C52E-4A80-8348-08230AE98577}.Release|Any CPU.ActiveCfg = Release|Any CPU
		{14C3B824-C52E-4A80-8348-08230AE98577}.Release|Any CPU.Build.0 = Release|Any CPU
		{C3089BB4-1EA0-427E-B0EA-FC5773D67F53}.Debug|Any CPU.ActiveCfg = Debug|Any CPU
		{C3089BB4-1EA0-427E-B0EA-FC5773D67F53}.Debug|Any CPU.Build.0 = Debug|Any CPU
		{C3089BB4-1EA0-427E-B0EA-FC5773D67F53}.Release|Any CPU.ActiveCfg = Release|Any CPU
		{C3089BB4-1EA0-427E-B0EA-FC5773D67F53}.Release|Any CPU.Build.0 = Release|Any CPU
		{D6F75765-F097-4103-8219-15B500A8E394}.Debug|Any CPU.ActiveCfg = Debug|Any CPU
		{D6F75765-F097-4103-8219-15B500A8E394}.Debug|Any CPU.Build.0 = Debug|Any CPU
		{D6F75765-F097-4103-8219-15B500A8E394}.Release|Any CPU.ActiveCfg = Release|Any CPU
		{D6F75765-F097-4103-8219-15B500A8E394}.Release|Any CPU.Build.0 = Release|Any CPU
		{FA97CC68-D4AA-4523-8B66-2DA1DEB30AE6}.Debug|Any CPU.ActiveCfg = Debug|Any CPU
		{FA97CC68-D4AA-4523-8B66-2DA1DEB30AE6}.Debug|Any CPU.Build.0 = Debug|Any CPU
		{FA97CC68-D4AA-4523-8B66-2DA1DEB30AE6}.Release|Any CPU.ActiveCfg = Release|Any CPU
		{FA97CC68-D4AA-4523-8B66-2DA1DEB30AE6}.Release|Any CPU.Build.0 = Release|Any CPU
		{1A14B871-BC43-4BB8-93C3-3658BE2371E8}.Debug|Any CPU.ActiveCfg = Debug|Any CPU
		{1A14B871-BC43-4BB8-93C3-3658BE2371E8}.Debug|Any CPU.Build.0 = Debug|Any CPU
		{1A14B871-BC43-4BB8-93C3-3658BE2371E8}.Release|Any CPU.ActiveCfg = Release|Any CPU
		{1A14B871-BC43-4BB8-93C3-3658BE2371E8}.Release|Any CPU.Build.0 = Release|Any CPU
		{C60475ED-F4F4-4066-863F-51E477D8136B}.Debug|Any CPU.ActiveCfg = Debug|Any CPU
		{C60475ED-F4F4-4066-863F-51E477D8136B}.Debug|Any CPU.Build.0 = Debug|Any CPU
		{C60475ED-F4F4-4066-863F-51E477D8136B}.Release|Any CPU.ActiveCfg = Release|Any CPU
		{C60475ED-F4F4-4066-863F-51E477D8136B}.Release|Any CPU.Build.0 = Release|Any CPU
		{DF83D49A-D19A-4ABC-A421-65F10508F820}.Debug|Any CPU.ActiveCfg = Debug|Any CPU
		{DF83D49A-D19A-4ABC-A421-65F10508F820}.Debug|Any CPU.Build.0 = Debug|Any CPU
		{DF83D49A-D19A-4ABC-A421-65F10508F820}.Release|Any CPU.ActiveCfg = Release|Any CPU
		{DF83D49A-D19A-4ABC-A421-65F10508F820}.Release|Any CPU.Build.0 = Release|Any CPU
		{4666AD87-25F0-470E-BA05-02A9B003B230}.Debug|Any CPU.ActiveCfg = Debug|Any CPU
		{4666AD87-25F0-470E-BA05-02A9B003B230}.Debug|Any CPU.Build.0 = Debug|Any CPU
		{4666AD87-25F0-470E-BA05-02A9B003B230}.Release|Any CPU.ActiveCfg = Release|Any CPU
		{4666AD87-25F0-470E-BA05-02A9B003B230}.Release|Any CPU.Build.0 = Release|Any CPU
		{A899A716-E352-4BE1-83E5-9D2A2054463A}.Debug|Any CPU.ActiveCfg = Debug|Any CPU
		{A899A716-E352-4BE1-83E5-9D2A2054463A}.Debug|Any CPU.Build.0 = Debug|Any CPU
		{A899A716-E352-4BE1-83E5-9D2A2054463A}.Release|Any CPU.ActiveCfg = Release|Any CPU
		{A899A716-E352-4BE1-83E5-9D2A2054463A}.Release|Any CPU.Build.0 = Release|Any CPU
		{D4E81B01-47AD-49CC-A0B6-50235F47205C}.Debug|Any CPU.ActiveCfg = Debug|Any CPU
		{D4E81B01-47AD-49CC-A0B6-50235F47205C}.Debug|Any CPU.Build.0 = Debug|Any CPU
		{D4E81B01-47AD-49CC-A0B6-50235F47205C}.Release|Any CPU.ActiveCfg = Release|Any CPU
		{D4E81B01-47AD-49CC-A0B6-50235F47205C}.Release|Any CPU.Build.0 = Release|Any CPU
		{F592BA92-605F-4855-8609-212CCC49E3F4}.Debug|Any CPU.ActiveCfg = Debug|Any CPU
		{F592BA92-605F-4855-8609-212CCC49E3F4}.Debug|Any CPU.Build.0 = Debug|Any CPU
		{F592BA92-605F-4855-8609-212CCC49E3F4}.Release|Any CPU.ActiveCfg = Release|Any CPU
		{F592BA92-605F-4855-8609-212CCC49E3F4}.Release|Any CPU.Build.0 = Release|Any CPU
		{CBA6D334-BE34-4E09-9B8B-83AFBB4AAB19}.Debug|Any CPU.ActiveCfg = Debug|Any CPU
		{CBA6D334-BE34-4E09-9B8B-83AFBB4AAB19}.Debug|Any CPU.Build.0 = Debug|Any CPU
		{CBA6D334-BE34-4E09-9B8B-83AFBB4AAB19}.Release|Any CPU.ActiveCfg = Release|Any CPU
		{CBA6D334-BE34-4E09-9B8B-83AFBB4AAB19}.Release|Any CPU.Build.0 = Release|Any CPU
	EndGlobalSection
	GlobalSection(SolutionProperties) = preSolution
		HideSolutionNode = FALSE
	EndGlobalSection
	GlobalSection(ExtensibilityGlobals) = postSolution
		SolutionGuid = {ECC4BB6C-C6C4-43F4-B1E7-7813FA99CC70}
	EndGlobalSection
EndGlobal
