
Microsoft Visual Studio Solution File, Format Version 12.00
# Visual Studio Version 17
VisualStudioVersion = 17.5.33530.505
MinimumVisualStudioVersion = 10.0.40219.1
Project("{FAE04EC0-301F-11D3-BF4B-00C04F79EFBC}") = "provaLogica", "provaLogica.csproj", "{307B7245-E51C-4A47-8B4C-762B75955B61}"
EndProject
Project("{FAE04EC0-301F-11D3-BF4B-00C04F79EFBC}") = "exer1.2", "..\exer1.2\exer1.2.csproj", "{C38E7657-33B8-4323-8724-3AFE8AE58AA0}"
EndProject
Global
	GlobalSection(SolutionConfigurationPlatforms) = preSolution
		Debug|Any CPU = Debug|Any CPU
		Release|Any CPU = Release|Any CPU
	EndGlobalSection
	GlobalSection(ProjectConfigurationPlatforms) = postSolution
		{307B7245-E51C-4A47-8B4C-762B75955B61}.Debug|Any CPU.ActiveCfg = Debug|Any CPU
		{307B7245-E51C-4A47-8B4C-762B75955B61}.Debug|Any CPU.Build.0 = Debug|Any CPU
		{307B7245-E51C-4A47-8B4C-762B75955B61}.Release|Any CPU.ActiveCfg = Release|Any CPU
		{307B7245-E51C-4A47-8B4C-762B75955B61}.Release|Any CPU.Build.0 = Release|Any CPU
		{C38E7657-33B8-4323-8724-3AFE8AE58AA0}.Debug|Any CPU.ActiveCfg = Debug|Any CPU
		{C38E7657-33B8-4323-8724-3AFE8AE58AA0}.Debug|Any CPU.Build.0 = Debug|Any CPU
		{C38E7657-33B8-4323-8724-3AFE8AE58AA0}.Release|Any CPU.ActiveCfg = Release|Any CPU
		{C38E7657-33B8-4323-8724-3AFE8AE58AA0}.Release|Any CPU.Build.0 = Release|Any CPU
	EndGlobalSection
	GlobalSection(SolutionProperties) = preSolution
		HideSolutionNode = FALSE
	EndGlobalSection
	GlobalSection(ExtensibilityGlobals) = postSolution
		SolutionGuid = {9685873F-2629-42AC-BC8F-C166BF54C2A5}
	EndGlobalSection
EndGlobal
